
Microsoft Visual Studio Solution File, Format Version 12.00
Project("{FAE04EC0-301F-11D3-BF4B-00C04F79EFBC}") = "TicTacToe.Model", "TicTacToe.Model\TicTacToe.Model.csproj", "{8F6E9D9A-21B2-457F-8009-FB450DC5B4BB}"
EndProject
Project("{FAE04EC0-301F-11D3-BF4B-00C04F79EFBC}") = "TicTacToe.Model.Tests", "TicTacToe.Model.Tests\TicTacToe.Model.Tests.csproj", "{0CBDE045-EC68-465B-A825-AF2F86E7BB96}"
EndProject
Project("{FAE04EC0-301F-11D3-BF4B-00C04F79EFBC}") = "TicTacToe.Console.App", "TicTacToe.Console.App\TicTacToe.Console.App.csproj", "{AE172B6A-3CD8-4BE1-9837-E2B49F610F60}"
EndProject
Project("{FAE04EC0-301F-11D3-BF4B-00C04F79EFBC}") = "TicTacToe.Console.Input", "TicTacToe.Console.Input\TicTacToe.Console.Input.csproj", "{25405B1D-0EE7-42C3-B39D-98E4F9048836}"
EndProject
Project("{FAE04EC0-301F-11D3-BF4B-00C04F79EFBC}") = "TicTacToe.View.Console", "TicTacToe.View.Console\TicTacToe.View.Console.csproj", "{DADE1187-B097-454D-B22A-4DAD016B1466}"
EndProject
Project("{FAE04EC0-301F-11D3-BF4B-00C04F79EFBC}") = "MVP.App", "MVP.App\MVP.App.csproj", "{EA543499-DB65-461A-AAA0-3D55C2A51A9C}"
EndProject
Project("{2150E333-8FDC-42A3-9474-1A3956D46DE8}") = "MVC", "MVC", "{2D7A49E4-7A1F-4D66-82AE-76B3311B7741}"
EndProject
Project("{FAE04EC0-301F-11D3-BF4B-00C04F79EFBC}") = "MVP.Model", "MVP.Model\MVP.Model.csproj", "{DFA2E923-7438-428C-B745-A3BA4C56D937}"
EndProject
Project("{FAE04EC0-301F-11D3-BF4B-00C04F79EFBC}") = "MVP.Presenter", "MVP.Presenter\MVP.Presenter.csproj", "{5B1A5A63-9FE2-48D8-B388-03BCAFC60E06}"
EndProject
Project("{FAE04EC0-301F-11D3-BF4B-00C04F79EFBC}") = "MVP.View", "MVP.View\MVP.View.csproj", "{67941B7D-ED05-4D5C-A89A-1F6B07B61105}"
EndProject
Project("{FAE04EC0-301F-11D3-BF4B-00C04F79EFBC}") = "MVP.ViewModel", "MVP.ViewModel\MVP.ViewModel.csproj", "{F1C3261E-E328-4B20-98CE-E596EC2374F0}"
EndProject
Project("{2150E333-8FDC-42A3-9474-1A3956D46DE8}") = "MVP", "MVP", "{BC72C511-7AA5-4059-BA9E-0D77888B66F2}"
EndProject
Global
	GlobalSection(SolutionConfigurationPlatforms) = preSolution
		Debug|Any CPU = Debug|Any CPU
		Release|Any CPU = Release|Any CPU
	EndGlobalSection
	GlobalSection(ProjectConfigurationPlatforms) = postSolution
		{8F6E9D9A-21B2-457F-8009-FB450DC5B4BB}.Debug|Any CPU.ActiveCfg = Debug|Any CPU
		{8F6E9D9A-21B2-457F-8009-FB450DC5B4BB}.Debug|Any CPU.Build.0 = Debug|Any CPU
		{8F6E9D9A-21B2-457F-8009-FB450DC5B4BB}.Release|Any CPU.ActiveCfg = Release|Any CPU
		{8F6E9D9A-21B2-457F-8009-FB450DC5B4BB}.Release|Any CPU.Build.0 = Release|Any CPU
		{0CBDE045-EC68-465B-A825-AF2F86E7BB96}.Debug|Any CPU.ActiveCfg = Debug|Any CPU
		{0CBDE045-EC68-465B-A825-AF2F86E7BB96}.Debug|Any CPU.Build.0 = Debug|Any CPU
		{0CBDE045-EC68-465B-A825-AF2F86E7BB96}.Release|Any CPU.ActiveCfg = Release|Any CPU
		{0CBDE045-EC68-465B-A825-AF2F86E7BB96}.Release|Any CPU.Build.0 = Release|Any CPU
		{AE172B6A-3CD8-4BE1-9837-E2B49F610F60}.Debug|Any CPU.ActiveCfg = Debug|Any CPU
		{AE172B6A-3CD8-4BE1-9837-E2B49F610F60}.Debug|Any CPU.Build.0 = Debug|Any CPU
		{AE172B6A-3CD8-4BE1-9837-E2B49F610F60}.Release|Any CPU.ActiveCfg = Release|Any CPU
		{AE172B6A-3CD8-4BE1-9837-E2B49F610F60}.Release|Any CPU.Build.0 = Release|Any CPU
		{25405B1D-0EE7-42C3-B39D-98E4F9048836}.Debug|Any CPU.ActiveCfg = Debug|Any CPU
		{25405B1D-0EE7-42C3-B39D-98E4F9048836}.Debug|Any CPU.Build.0 = Debug|Any CPU
		{25405B1D-0EE7-42C3-B39D-98E4F9048836}.Release|Any CPU.ActiveCfg = Release|Any CPU
		{25405B1D-0EE7-42C3-B39D-98E4F9048836}.Release|Any CPU.Build.0 = Release|Any CPU
		{DADE1187-B097-454D-B22A-4DAD016B1466}.Debug|Any CPU.ActiveCfg = Debug|Any CPU
		{DADE1187-B097-454D-B22A-4DAD016B1466}.Debug|Any CPU.Build.0 = Debug|Any CPU
		{DADE1187-B097-454D-B22A-4DAD016B1466}.Release|Any CPU.ActiveCfg = Release|Any CPU
		{DADE1187-B097-454D-B22A-4DAD016B1466}.Release|Any CPU.Build.0 = Release|Any CPU
		{EA543499-DB65-461A-AAA0-3D55C2A51A9C}.Debug|Any CPU.ActiveCfg = Debug|Any CPU
		{EA543499-DB65-461A-AAA0-3D55C2A51A9C}.Debug|Any CPU.Build.0 = Debug|Any CPU
		{EA543499-DB65-461A-AAA0-3D55C2A51A9C}.Release|Any CPU.ActiveCfg = Release|Any CPU
		{EA543499-DB65-461A-AAA0-3D55C2A51A9C}.Release|Any CPU.Build.0 = Release|Any CPU
		{DFA2E923-7438-428C-B745-A3BA4C56D937}.Debug|Any CPU.ActiveCfg = Debug|Any CPU
		{DFA2E923-7438-428C-B745-A3BA4C56D937}.Debug|Any CPU.Build.0 = Debug|Any CPU
		{DFA2E923-7438-428C-B745-A3BA4C56D937}.Release|Any CPU.ActiveCfg = Release|Any CPU
		{DFA2E923-7438-428C-B745-A3BA4C56D937}.Release|Any CPU.Build.0 = Release|Any CPU
		{5B1A5A63-9FE2-48D8-B388-03BCAFC60E06}.Debug|Any CPU.ActiveCfg = Debug|Any CPU
		{5B1A5A63-9FE2-48D8-B388-03BCAFC60E06}.Debug|Any CPU.Build.0 = Debug|Any CPU
		{5B1A5A63-9FE2-48D8-B388-03BCAFC60E06}.Release|Any CPU.ActiveCfg = Release|Any CPU
		{5B1A5A63-9FE2-48D8-B388-03BCAFC60E06}.Release|Any CPU.Build.0 = Release|Any CPU
		{67941B7D-ED05-4D5C-A89A-1F6B07B61105}.Debug|Any CPU.ActiveCfg = Debug|Any CPU
		{67941B7D-ED05-4D5C-A89A-1F6B07B61105}.Debug|Any CPU.Build.0 = Debug|Any CPU
		{67941B7D-ED05-4D5C-A89A-1F6B07B61105}.Release|Any CPU.ActiveCfg = Release|Any CPU
		{67941B7D-ED05-4D5C-A89A-1F6B07B61105}.Release|Any CPU.Build.0 = Release|Any CPU
		{F1C3261E-E328-4B20-98CE-E596EC2374F0}.Debug|Any CPU.ActiveCfg = Debug|Any CPU
		{F1C3261E-E328-4B20-98CE-E596EC2374F0}.Debug|Any CPU.Build.0 = Debug|Any CPU
		{F1C3261E-E328-4B20-98CE-E596EC2374F0}.Release|Any CPU.ActiveCfg = Release|Any CPU
		{F1C3261E-E328-4B20-98CE-E596EC2374F0}.Release|Any CPU.Build.0 = Release|Any CPU
	EndGlobalSection
	GlobalSection(NestedProjects) = preSolution
		{AE172B6A-3CD8-4BE1-9837-E2B49F610F60} = {2D7A49E4-7A1F-4D66-82AE-76B3311B7741}
		{25405B1D-0EE7-42C3-B39D-98E4F9048836} = {2D7A49E4-7A1F-4D66-82AE-76B3311B7741}
		{8F6E9D9A-21B2-457F-8009-FB450DC5B4BB} = {2D7A49E4-7A1F-4D66-82AE-76B3311B7741}
		{0CBDE045-EC68-465B-A825-AF2F86E7BB96} = {2D7A49E4-7A1F-4D66-82AE-76B3311B7741}
		{DADE1187-B097-454D-B22A-4DAD016B1466} = {2D7A49E4-7A1F-4D66-82AE-76B3311B7741}
		{EA543499-DB65-461A-AAA0-3D55C2A51A9C} = {BC72C511-7AA5-4059-BA9E-0D77888B66F2}
		{DFA2E923-7438-428C-B745-A3BA4C56D937} = {BC72C511-7AA5-4059-BA9E-0D77888B66F2}
		{5B1A5A63-9FE2-48D8-B388-03BCAFC60E06} = {BC72C511-7AA5-4059-BA9E-0D77888B66F2}
		{67941B7D-ED05-4D5C-A89A-1F6B07B61105} = {BC72C511-7AA5-4059-BA9E-0D77888B66F2}
		{F1C3261E-E328-4B20-98CE-E596EC2374F0} = {BC72C511-7AA5-4059-BA9E-0D77888B66F2}
	EndGlobalSection
EndGlobal
